// !$*UTF8*$!
{
	archiveVersion = 1;
	classes = {
	};
	objectVersion = 50;
	objects = {

/* Begin PBXBuildFile section */
		65F9F655217601ED00490B61 /* AppDelegate.m in Sources */ = {isa = PBXBuildFile; fileRef = 65F9F654217601ED00490B61 /* AppDelegate.m */; };
		65F9F658217601ED00490B61 /* ViewController.m in Sources */ = {isa = PBXBuildFile; fileRef = 65F9F657217601ED00490B61 /* ViewController.m */; };
		65F9F65B217601ED00490B61 /* Main.storyboard in Resources */ = {isa = PBXBuildFile; fileRef = 65F9F659217601ED00490B61 /* Main.storyboard */; };
		65F9F65D217601F000490B61 /* Assets.xcassets in Resources */ = {isa = PBXBuildFile; fileRef = 65F9F65C217601F000490B61 /* Assets.xcassets */; };
		65F9F660217601F000490B61 /* LaunchScreen.storyboard in Resources */ = {isa = PBXBuildFile; fileRef = 65F9F65E217601F000490B61 /* LaunchScreen.storyboard */; };
		65F9F663217601F000490B61 /* main.m in Sources */ = {isa = PBXBuildFile; fileRef = 65F9F662217601F000490B61 /* main.m */; };
		65F9F66D217601F000490B61 /* PickDocumentExampleTests.m in Sources */ = {isa = PBXBuildFile; fileRef = 65F9F66C217601F000490B61 /* PickDocumentExampleTests.m */; };
		65F9F678217601F000490B61 /* PickDocumentExampleUITests.m in Sources */ = {isa = PBXBuildFile; fileRef = 65F9F677217601F000490B61 /* PickDocumentExampleUITests.m */; };
		65F9F686217602C700490B61 /* file.docx in Resources */ = {isa = PBXBuildFile; fileRef = 65F9F685217602C700490B61 /* file.docx */; };
		65F9F68A21760CEA00490B61 /* CoreServices.framework in Frameworks */ = {isa = PBXBuildFile; fileRef = 65F9F68921760CEA00490B61 /* CoreServices.framework */; };
		65F9F68C21760D8800490B61 /* MobileCoreServices.framework in Frameworks */ = {isa = PBXBuildFile; fileRef = 65F9F68B21760D8800490B61 /* MobileCoreServices.framework */; };
/* End PBXBuildFile section */

/* Begin PBXContainerItemProxy section */
		65F9F669217601F000490B61 /* PBXContainerItemProxy */ = {
			isa = PBXContainerItemProxy;
			containerPortal = 65F9F648217601ED00490B61 /* Project object */;
			proxyType = 1;
			remoteGlobalIDString = 65F9F64F217601ED00490B61;
			remoteInfo = PickDocumentExample;
		};
		65F9F674217601F000490B61 /* PBXContainerItemProxy */ = {
			isa = PBXContainerItemProxy;
			containerPortal = 65F9F648217601ED00490B61 /* Project object */;
			proxyType = 1;
			remoteGlobalIDString = 65F9F64F217601ED00490B61;
			remoteInfo = PickDocumentExample;
		};
/* End PBXContainerItemProxy section */

/* Begin PBXFileReference section */
		65F9F650217601ED00490B61 /* PickDocumentExample.app */ = {isa = PBXFileReference; explicitFileType = wrapper.application; includeInIndex = 0; path = PickDocumentExample.app; sourceTree = BUILT_PRODUCTS_DIR; };
		65F9F653217601ED00490B61 /* AppDelegate.h */ = {isa = PBXFileReference; lastKnownFileType = sourcecode.c.h; path = AppDelegate.h; sourceTree = "<group>"; };
		65F9F654217601ED00490B61 /* AppDelegate.m */ = {isa = PBXFileReference; lastKnownFileType = sourcecode.c.objc; path = AppDelegate.m; sourceTree = "<group>"; };
		65F9F656217601ED00490B61 /* ViewController.h */ = {isa = PBXFileReference; lastKnownFileType = sourcecode.c.h; path = ViewController.h; sourceTree = "<group>"; };
		65F9F657217601ED00490B61 /* ViewController.m */ = {isa = PBXFileReference; lastKnownFileType = sourcecode.c.objc; path = ViewController.m; sourceTree = "<group>"; };
		65F9F65A217601ED00490B61 /* Base */ = {isa = PBXFileReference; lastKnownFileType = file.storyboard; name = Base; path = Base.lproj/Main.storyboard; sourceTree = "<group>"; };
		65F9F65C217601F000490B61 /* Assets.xcassets */ = {isa = PBXFileReference; lastKnownFileType = folder.assetcatalog; path = Assets.xcassets; sourceTree = "<group>"; };
		65F9F65F217601F000490B61 /* Base */ = {isa = PBXFileReference; lastKnownFileType = file.storyboard; name = Base; path = Base.lproj/LaunchScreen.storyboard; sourceTree = "<group>"; };
		65F9F661217601F000490B61 /* Info.plist */ = {isa = PBXFileReference; lastKnownFileType = text.plist.xml; path = Info.plist; sourceTree = "<group>"; };
		65F9F662217601F000490B61 /* main.m */ = {isa = PBXFileReference; lastKnownFileType = sourcecode.c.objc; path = main.m; sourceTree = "<group>"; };
		65F9F668217601F000490B61 /* PickDocumentExampleTests.xctest */ = {isa = PBXFileReference; explicitFileType = wrapper.cfbundle; includeInIndex = 0; path = PickDocumentExampleTests.xctest; sourceTree = BUILT_PRODUCTS_DIR; };
		65F9F66C217601F000490B61 /* PickDocumentExampleTests.m */ = {isa = PBXFileReference; lastKnownFileType = sourcecode.c.objc; path = PickDocumentExampleTests.m; sourceTree = "<group>"; };
		65F9F66E217601F000490B61 /* Info.plist */ = {isa = PBXFileReference; lastKnownFileType = text.plist.xml; path = Info.plist; sourceTree = "<group>"; };
		65F9F673217601F000490B61 /* PickDocumentExampleUITests.xctest */ = {isa = PBXFileReference; explicitFileType = wrapper.cfbundle; includeInIndex = 0; path = PickDocumentExampleUITests.xctest; sourceTree = BUILT_PRODUCTS_DIR; };
		65F9F677217601F000490B61 /* PickDocumentExampleUITests.m */ = {isa = PBXFileReference; lastKnownFileType = sourcecode.c.objc; path = PickDocumentExampleUITests.m; sourceTree = "<group>"; };
		65F9F679217601F000490B61 /* Info.plist */ = {isa = PBXFileReference; lastKnownFileType = text.plist.xml; path = Info.plist; sourceTree = "<group>"; };
		65F9F685217602C700490B61 /* file.docx */ = {isa = PBXFileReference; lastKnownFileType = file; path = file.docx; sourceTree = "<group>"; };
		65F9F6872176077700490B61 /* PickDocumentExample.entitlements */ = {isa = PBXFileReference; lastKnownFileType = text.plist.entitlements; path = PickDocumentExample.entitlements; sourceTree = "<group>"; };
		65F9F68921760CEA00490B61 /* CoreServices.framework */ = {isa = PBXFileReference; lastKnownFileType = wrapper.framework; name = CoreServices.framework; path = System/Library/Frameworks/CoreServices.framework; sourceTree = SDKROOT; };
		65F9F68B21760D8800490B61 /* MobileCoreServices.framework */ = {isa = PBXFileReference; lastKnownFileType = wrapper.framework; name = MobileCoreServices.framework; path = System/Library/Frameworks/MobileCoreServices.framework; sourceTree = SDKROOT; };
/* End PBXFileReference section */

/* Begin PBXFrameworksBuildPhase section */
		65F9F64D217601ED00490B61 /* Frameworks */ = {
			isa = PBXFrameworksBuildPhase;
			buildActionMask = 2147483647;
			files = (
				65F9F68C21760D8800490B61 /* MobileCoreServices.framework in Frameworks */,
				65F9F68A21760CEA00490B61 /* CoreServices.framework in Frameworks */,
			);
			runOnlyForDeploymentPostprocessing = 0;
		};
		65F9F665217601F000490B61 /* Frameworks */ = {
			isa = PBXFrameworksBuildPhase;
			buildActionMask = 2147483647;
			files = (
			);
			runOnlyForDeploymentPostprocessing = 0;
		};
		65F9F670217601F000490B61 /* Frameworks */ = {
			isa = PBXFrameworksBuildPhase;
			buildActionMask = 2147483647;
			files = (
			);
			runOnlyForDeploymentPostprocessing = 0;
		};
/* End PBXFrameworksBuildPhase section */

/* Begin PBXGroup section */
		65F9F647217601ED00490B61 = {
			isa = PBXGroup;
			children = (
				65F9F652217601ED00490B61 /* PickDocumentExample */,
				65F9F66B217601F000490B61 /* PickDocumentExampleTests */,
				65F9F676217601F000490B61 /* PickDocumentExampleUITests */,
				65F9F651217601ED00490B61 /* Products */,
				65F9F68821760CEA00490B61 /* Frameworks */,
			);
			sourceTree = "<group>";
		};
		65F9F651217601ED00490B61 /* Products */ = {
			isa = PBXGroup;
			children = (
				65F9F650217601ED00490B61 /* PickDocumentExample.app */,
				65F9F668217601F000490B61 /* PickDocumentExampleTests.xctest */,
				65F9F673217601F000490B61 /* PickDocumentExampleUITests.xctest */,
			);
			name = Products;
			sourceTree = "<group>";
		};
		65F9F652217601ED00490B61 /* PickDocumentExample */ = {
			isa = PBXGroup;
			children = (
				65F9F6872176077700490B61 /* PickDocumentExample.entitlements */,
				65F9F685217602C700490B61 /* file.docx */,
				65F9F653217601ED00490B61 /* AppDelegate.h */,
				65F9F654217601ED00490B61 /* AppDelegate.m */,
				65F9F656217601ED00490B61 /* ViewController.h */,
				65F9F657217601ED00490B61 /* ViewController.m */,
				65F9F659217601ED00490B61 /* Main.storyboard */,
				65F9F65C217601F000490B61 /* Assets.xcassets */,
				65F9F65E217601F000490B61 /* LaunchScreen.storyboard */,
				65F9F661217601F000490B61 /* Info.plist */,
				65F9F662217601F000490B61 /* main.m */,
			);
			path = PickDocumentExample;
			sourceTree = "<group>";
		};
		65F9F66B217601F000490B61 /* PickDocumentExampleTests */ = {
			isa = PBXGroup;
			children = (
				65F9F66C217601F000490B61 /* PickDocumentExampleTests.m */,
				65F9F66E217601F000490B61 /* Info.plist */,
			);
			path = PickDocumentExampleTests;
			sourceTree = "<group>";
		};
		65F9F676217601F000490B61 /* PickDocumentExampleUITests */ = {
			isa = PBXGroup;
			children = (
				65F9F677217601F000490B61 /* PickDocumentExampleUITests.m */,
				65F9F679217601F000490B61 /* Info.plist */,
			);
			path = PickDocumentExampleUITests;
			sourceTree = "<group>";
		};
		65F9F68821760CEA00490B61 /* Frameworks */ = {
			isa = PBXGroup;
			children = (
				65F9F68B21760D8800490B61 /* MobileCoreServices.framework */,
				65F9F68921760CEA00490B61 /* CoreServices.framework */,
			);
			name = Frameworks;
			sourceTree = "<group>";
		};
/* End PBXGroup section */

/* Begin PBXNativeTarget section */
		65F9F64F217601ED00490B61 /* PickDocumentExample */ = {
			isa = PBXNativeTarget;
			buildConfigurationList = 65F9F67C217601F000490B61 /* Build configuration list for PBXNativeTarget "PickDocumentExample" */;
			buildPhases = (
				65F9F64C217601ED00490B61 /* Sources */,
				65F9F64D217601ED00490B61 /* Frameworks */,
				65F9F64E217601ED00490B61 /* Resources */,
			);
			buildRules = (
			);
			dependencies = (
			);
			name = PickDocumentExample;
			productName = PickDocumentExample;
			productReference = 65F9F650217601ED00490B61 /* PickDocumentExample.app */;
			productType = "com.apple.product-type.application";
		};
		65F9F667217601F000490B61 /* PickDocumentExampleTests */ = {
			isa = PBXNativeTarget;
			buildConfigurationList = 65F9F67F217601F000490B61 /* Build configuration list for PBXNativeTarget "PickDocumentExampleTests" */;
			buildPhases = (
				65F9F664217601F000490B61 /* Sources */,
				65F9F665217601F000490B61 /* Frameworks */,
				65F9F666217601F000490B61 /* Resources */,
			);
			buildRules = (
			);
			dependencies = (
				65F9F66A217601F000490B61 /* PBXTargetDependency */,
			);
			name = PickDocumentExampleTests;
			productName = PickDocumentExampleTests;
			productReference = 65F9F668217601F000490B61 /* PickDocumentExampleTests.xctest */;
			productType = "com.apple.product-type.bundle.unit-test";
		};
		65F9F672217601F000490B61 /* PickDocumentExampleUITests */ = {
			isa = PBXNativeTarget;
			buildConfigurationList = 65F9F682217601F000490B61 /* Build configuration list for PBXNativeTarget "PickDocumentExampleUITests" */;
			buildPhases = (
				65F9F66F217601F000490B61 /* Sources */,
				65F9F670217601F000490B61 /* Frameworks */,
				65F9F671217601F000490B61 /* Resources */,
			);
			buildRules = (
			);
			dependencies = (
				65F9F675217601F000490B61 /* PBXTargetDependency */,
			);
			name = PickDocumentExampleUITests;
			productName = PickDocumentExampleUITests;
			productReference = 65F9F673217601F000490B61 /* PickDocumentExampleUITests.xctest */;
			productType = "com.apple.product-type.bundle.ui-testing";
		};
/* End PBXNativeTarget section */

/* Begin PBXProject section */
		65F9F648217601ED00490B61 /* Project object */ = {
			isa = PBXProject;
			attributes = {
				LastUpgradeCheck = 1000;
				ORGANIZATIONNAME = Pasha;
				TargetAttributes = {
					65F9F64F217601ED00490B61 = {
						CreatedOnToolsVersion = 10.0;
						SystemCapabilities = {
							com.apple.iCloud = {
								enabled = 1;
							};
						};
					};
					65F9F667217601F000490B61 = {
						CreatedOnToolsVersion = 10.0;
						TestTargetID = 65F9F64F217601ED00490B61;
					};
					65F9F672217601F000490B61 = {
						CreatedOnToolsVersion = 10.0;
						TestTargetID = 65F9F64F217601ED00490B61;
					};
				};
			};
			buildConfigurationList = 65F9F64B217601ED00490B61 /* Build configuration list for PBXProject "PickDocumentExample" */;
			compatibilityVersion = "Xcode 9.3";
			developmentRegion = en;
			hasScannedForEncodings = 0;
			knownRegions = (
				en,
				Base,
			);
			mainGroup = 65F9F647217601ED00490B61;
			productRefGroup = 65F9F651217601ED00490B61 /* Products */;
			projectDirPath = "";
			projectRoot = "";
			targets = (
				65F9F64F217601ED00490B61 /* PickDocumentExample */,
				65F9F667217601F000490B61 /* PickDocumentExampleTests */,
				65F9F672217601F000490B61 /* PickDocumentExampleUITests */,
			);
		};
/* End PBXProject section */

/* Begin PBXResourcesBuildPhase section */
		65F9F64E217601ED00490B61 /* Resources */ = {
			isa = PBXResourcesBuildPhase;
			buildActionMask = 2147483647;
			files = (
				65F9F660217601F000490B61 /* LaunchScreen.storyboard in Resources */,
				65F9F65D217601F000490B61 /* Assets.xcassets in Resources */,
				65F9F65B217601ED00490B61 /* Main.storyboard in Resources */,
				65F9F686217602C700490B61 /* file.docx in Resources */,
			);
			runOnlyForDeploymentPostprocessing = 0;
		};
		65F9F666217601F000490B61 /* Resources */ = {
			isa = PBXResourcesBuildPhase;
			buildActionMask = 2147483647;
			files = (
			);
			runOnlyForDeploymentPostprocessing = 0;
		};
		65F9F671217601F000490B61 /* Resources */ = {
			isa = PBXResourcesBuildPhase;
			buildActionMask = 2147483647;
			files = (
			);
			runOnlyForDeploymentPostprocessing = 0;
		};
/* End PBXResourcesBuildPhase section */

/* Begin PBXSourcesBuildPhase section */
		65F9F64C217601ED00490B61 /* Sources */ = {
			isa = PBXSourcesBuildPhase;
			buildActionMask = 2147483647;
			files = (
				65F9F658217601ED00490B61 /* ViewController.m in Sources */,
				65F9F663217601F000490B61 /* main.m in Sources */,
				65F9F655217601ED00490B61 /* AppDelegate.m in Sources */,
			);
			runOnlyForDeploymentPostprocessing = 0;
		};
		65F9F664217601F000490B61 /* Sources */ = {
			isa = PBXSourcesBuildPhase;
			buildActionMask = 2147483647;
			files = (
				65F9F66D217601F000490B61 /* PickDocumentExampleTests.m in Sources */,
			);
			runOnlyForDeploymentPostprocessing = 0;
		};
		65F9F66F217601F000490B61 /* Sources */ = {
			isa = PBXSourcesBuildPhase;
			buildActionMask = 2147483647;
			files = (
				65F9F678217601F000490B61 /* PickDocumentExampleUITests.m in Sources */,
			);
			runOnlyForDeploymentPostprocessing = 0;
		};
/* End PBXSourcesBuildPhase section */

/* Begin PBXTargetDependency section */
		65F9F66A217601F000490B61 /* PBXTargetDependency */ = {
			isa = PBXTargetDependency;
			target = 65F9F64F217601ED00490B61 /* PickDocumentExample */;
			targetProxy = 65F9F669217601F000490B61 /* PBXContainerItemProxy */;
		};
		65F9F675217601F000490B61 /* PBXTargetDependency */ = {
			isa = PBXTargetDependency;
			target = 65F9F64F217601ED00490B61 /* PickDocumentExample */;
			targetProxy = 65F9F674217601F000490B61 /* PBXContainerItemProxy */;
		};
/* End PBXTargetDependency section */

/* Begin PBXVariantGroup section */
		65F9F659217601ED00490B61 /* Main.storyboard */ = {
			isa = PBXVariantGroup;
			children = (
				65F9F65A217601ED00490B61 /* Base */,
			);
			name = Main.storyboard;
			sourceTree = "<group>";
		};
		65F9F65E217601F000490B61 /* LaunchScreen.storyboard */ = {
			isa = PBXVariantGroup;
			children = (
				65F9F65F217601F000490B61 /* Base */,
			);
			name = LaunchScreen.storyboard;
			sourceTree = "<group>";
		};
/* End PBXVariantGroup section */

/* Begin XCBuildConfiguration section */
		65F9F67A217601F000490B61 /* Debug */ = {
			isa = XCBuildConfiguration;
			buildSettings = {
				ALWAYS_SEARCH_USER_PATHS = NO;
				CLANG_ANALYZER_NONNULL = YES;
				CLANG_ANALYZER_NUMBER_OBJECT_CONVERSION = YES_AGGRESSIVE;
				CLANG_CXX_LANGUAGE_STANDARD = "gnu++14";
				CLANG_CXX_LIBRARY = "libc++";
				CLANG_ENABLE_MODULES = YES;
				CLANG_ENABLE_OBJC_ARC = YES;
				CLANG_ENABLE_OBJC_WEAK = YES;
				CLANG_WARN_BLOCK_CAPTURE_AUTORELEASING = YES;
				CLANG_WARN_BOOL_CONVERSION = YES;
				CLANG_WARN_COMMA = YES;
				CLANG_WARN_CONSTANT_CONVERSION = YES;
				CLANG_WARN_DEPRECATED_OBJC_IMPLEMENTATIONS = YES;
				CLANG_WARN_DIRECT_OBJC_ISA_USAGE = YES_ERROR;
				CLANG_WARN_DOCUMENTATION_COMMENTS = YES;
				CLANG_WARN_EMPTY_BODY = YES;
				CLANG_WARN_ENUM_CONVERSION = YES;
				CLANG_WARN_INFINITE_RECURSION = YES;
				CLANG_WARN_INT_CONVERSION = YES;
				CLANG_WARN_NON_LITERAL_NULL_CONVERSION = YES;
				CLANG_WARN_OBJC_IMPLICIT_RETAIN_SELF = YES;
				CLANG_WARN_OBJC_LITERAL_CONVERSION = YES;
				CLANG_WARN_OBJC_ROOT_CLASS = YES_ERROR;
				CLANG_WARN_RANGE_LOOP_ANALYSIS = YES;
				CLANG_WARN_STRICT_PROTOTYPES = YES;
				CLANG_WARN_SUSPICIOUS_MOVE = YES;
				CLANG_WARN_UNGUARDED_AVAILABILITY = YES_AGGRESSIVE;
				CLANG_WARN_UNREACHABLE_CODE = YES;
				CLANG_WARN__DUPLICATE_METHOD_MATCH = YES;
				CODE_SIGN_IDENTITY = "iPhone Developer";
				COPY_PHASE_STRIP = NO;
				DEBUG_INFORMATION_FORMAT = dwarf;
				ENABLE_STRICT_OBJC_MSGSEND = YES;
				ENABLE_TESTABILITY = YES;
				GCC_C_LANGUAGE_STANDARD = gnu11;
				GCC_DYNAMIC_NO_PIC = NO;
				GCC_NO_COMMON_BLOCKS = YES;
				GCC_OPTIMIZATION_LEVEL = 0;
				GCC_PREPROCESSOR_DEFINITIONS = (
					"DEBUG=1",
					"$(inherited)",
				);
				GCC_WARN_64_TO_32_BIT_CONVERSION = YES;
				GCC_WARN_ABOUT_RETURN_TYPE = YES_ERROR;
				GCC_WARN_UNDECLARED_SELECTOR = YES;
				GCC_WARN_UNINITIALIZED_AUTOS = YES_AGGRESSIVE;
				GCC_WARN_UNUSED_FUNCTION = YES;
				GCC_WARN_UNUSED_VARIABLE = YES;
				IPHONEOS_DEPLOYMENT_TARGET = 12.0;
				MTL_ENABLE_DEBUG_INFO = INCLUDE_SOURCE;
				MTL_FAST_MATH = YES;
				ONLY_ACTIVE_ARCH = YES;
				SDKROOT = iphoneos;
			};
			name = Debug;
		};
		65F9F67B217601F000490B61 /* Release */ = {
			isa = XCBuildConfiguration;
			buildSettings = {
				ALWAYS_SEARCH_USER_PATHS = NO;
				CLANG_ANALYZER_NONNULL = YES;
				CLANG_ANALYZER_NUMBER_OBJECT_CONVERSION = YES_AGGRESSIVE;
				CLANG_CXX_LANGUAGE_STANDARD = "gnu++14";
				CLANG_CXX_LIBRARY = "libc++";
				CLANG_ENABLE_MODULES = YES;
				CLANG_ENABLE_OBJC_ARC = YES;
				CLANG_ENABLE_OBJC_WEAK = YES;
				CLANG_WARN_BLOCK_CAPTURE_AUTORELEASING = YES;
				CLANG_WARN_BOOL_CONVERSION = YES;
				CLANG_WARN_COMMA = YES;
				CLANG_WARN_CONSTANT_CONVERSION = YES;
				CLANG_WARN_DEPRECATED_OBJC_IMPLEMENTATIONS = YES;
				CLANG_WARN_DIRECT_OBJC_ISA_USAGE = YES_ERROR;
				CLANG_WARN_DOCUMENTATION_COMMENTS = YES;
				CLANG_WARN_EMPTY_BODY = YES;
				CLANG_WARN_ENUM_CONVERSION = YES;
				CLANG_WARN_INFINITE_RECURSION = YES;
				CLANG_WARN_INT_CONVERSION = YES;
				CLANG_WARN_NON_LITERAL_NULL_CONVERSION = YES;
				CLANG_WARN_OBJC_IMPLICIT_RETAIN_SELF = YES;
				CLANG_WARN_OBJC_LITERAL_CONVERSION = YES;
				CLANG_WARN_OBJC_ROOT_CLASS = YES_ERROR;
				CLANG_WARN_RANGE_LOOP_ANALYSIS = YES;
				CLANG_WARN_STRICT_PROTOTYPES = YES;
				CLANG_WARN_SUSPICIOUS_MOVE = YES;
				CLANG_WARN_UNGUARDED_AVAILABILITY = YES_AGGRESSIVE;
				CLANG_WARN_UNREACHABLE_CODE = YES;
				CLANG_WARN__DUPLICATE_METHOD_MATCH = YES;
				CODE_SIGN_IDENTITY = "iPhone Developer";
				COPY_PHASE_STRIP = NO;
				DEBUG_INFORMATION_FORMAT = "dwarf-with-dsym";
				ENABLE_NS_ASSERTIONS = NO;
				ENABLE_STRICT_OBJC_MSGSEND = YES;
				GCC_C_LANGUAGE_STANDARD = gnu11;
				GCC_NO_COMMON_BLOCKS = YES;
				GCC_WARN_64_TO_32_BIT_CONVERSION = YES;
				GCC_WARN_ABOUT_RETURN_TYPE = YES_ERROR;
				GCC_WARN_UNDECLARED_SELECTOR = YES;
				GCC_WARN_UNINITIALIZED_AUTOS = YES_AGGRESSIVE;
				GCC_WARN_UNUSED_FUNCTION = YES;
				GCC_WARN_UNUSED_VARIABLE = YES;
				IPHONEOS_DEPLOYMENT_TARGET = 12.0;
				MTL_ENABLE_DEBUG_INFO = NO;
				MTL_FAST_MATH = YES;
				SDKROOT = iphoneos;
				VALIDATE_PRODUCT = YES;
			};
			name = Release;
		};
		65F9F67D217601F000490B61 /* Debug */ = {
			isa = XCBuildConfiguration;
			buildSettings = {
				ASSETCATALOG_COMPILER_APPICON_NAME = AppIcon;
				CODE_SIGN_ENTITLEMENTS = PickDocumentExample/PickDocumentExample.entitlements;
				CODE_SIGN_STYLE = Automatic;
				DEVELOPMENT_TEAM = VPW58JMTFU;
				INFOPLIST_FILE = PickDocumentExample/Info.plist;
				LD_RUNPATH_SEARCH_PATHS = (
					"$(inherited)",
					"@executable_path/Frameworks",
				);
				PRODUCT_BUNDLE_IDENTIFIER = mycompany.PickDocumentExample;
				PRODUCT_NAME = "$(TARGET_NAME)";
				TARGETED_DEVICE_FAMILY = "1,2";
			};
			name = Debug;
		};
		65F9F67E217601F000490B61 /* Release */ = {
			isa = XCBuildConfiguration;
			buildSettings = {
				ASSETCATALOG_COMPILER_APPICON_NAME = AppIcon;
				CODE_SIGN_ENTITLEMENTS = PickDocumentExample/PickDocumentExample.entitlements;
				CODE_SIGN_STYLE = Automatic;
				DEVELOPMENT_TEAM = VPW58JMTFU;
				INFOPLIST_FILE = PickDocumentExample/Info.plist;
				LD_RUNPATH_SEARCH_PATHS = (
					"$(inherited)",
					"@executable_path/Frameworks",
				);
				PRODUCT_BUNDLE_IDENTIFIER = mycompany.PickDocumentExample;
				PRODUCT_NAME = "$(TARGET_NAME)";
				TARGETED_DEVICE_FAMILY = "1,2";
			};
			name = Release;
		};
		65F9F680217601F000490B61 /* Debug */ = {
			isa = XCBuildConfiguration;
			buildSettings = {
				BUNDLE_LOADER = "$(TEST_HOST)";
				CODE_SIGN_STYLE = Automatic;
				INFOPLIST_FILE = PickDocumentExampleTests/Info.plist;
				LD_RUNPATH_SEARCH_PATHS = (
					"$(inherited)",
					"@executable_path/Frameworks",
					"@loader_path/Frameworks",
				);
				PRODUCT_BUNDLE_IDENTIFIER = mycompany.PickDocumentExampleTests;
				PRODUCT_NAME = "$(TARGET_NAME)";
				TARGETED_DEVICE_FAMILY = "1,2";
				TEST_HOST = "$(BUILT_PRODUCTS_DIR)/PickDocumentExample.app/PickDocumentExample";
			};
			name = Debug;
		};
		65F9F681217601F000490B61 /* Release */ = {
			isa = XCBuildConfiguration;
			buildSettings = {
				BUNDLE_LOADER = "$(TEST_HOST)";
				CODE_SIGN_STYLE = Automatic;
				INFOPLIST_FILE = PickDocumentExampleTests/Info.plist;
				LD_RUNPATH_SEARCH_PATHS = (
					"$(inherited)",
					"@executable_path/Frameworks",
					"@loader_path/Frameworks",
				);
				PRODUCT_BUNDLE_IDENTIFIER = mycompany.PickDocumentExampleTests;
				PRODUCT_NAME = "$(TARGET_NAME)";
				TARGETED_DEVICE_FAMILY = "1,2";
				TEST_HOST = "$(BUILT_PRODUCTS_DIR)/PickDocumentExample.app/PickDocumentExample";
			};
			name = Release;
		};
		65F9F683217601F000490B61 /* Debug */ = {
			isa = XCBuildConfiguration;
			buildSettings = {
				CODE_SIGN_STYLE = Automatic;
				INFOPLIST_FILE = PickDocumentExampleUITests/Info.plist;
				LD_RUNPATH_SEARCH_PATHS = (
					"$(inherited)",
					"@executable_path/Frameworks",
					"@loader_path/Frameworks",
				);
				PRODUCT_BUNDLE_IDENTIFIER = mycompany.PickDocumentExampleUITests;
				PRODUCT_NAME = "$(TARGET_NAME)";
				TARGETED_DEVICE_FAMILY = "1,2";
				TEST_TARGET_NAME = PickDocumentExample;
			};
			name = Debug;
		};
		65F9F684217601F000490B61 /* Release */ = {
			isa = XCBuildConfiguration;
			buildSettings = {
				CODE_SIGN_STYLE = Automatic;
				INFOPLIST_FILE = PickDocumentExampleUITests/Info.plist;
				LD_RUNPATH_SEARCH_PATHS = (
					"$(inherited)",
					"@executable_path/Frameworks",
					"@loader_path/Frameworks",
				);
				PRODUCT_BUNDLE_IDENTIFIER = mycompany.PickDocumentExampleUITests;
				PRODUCT_NAME = "$(TARGET_NAME)";
				TARGETED_DEVICE_FAMILY = "1,2";
				TEST_TARGET_NAME = PickDocumentExample;
			};
			name = Release;
		};
/* End XCBuildConfiguration section */

/* Begin XCConfigurationList section */
		65F9F64B217601ED00490B61 /* Build configuration list for PBXProject "PickDocumentExample" */ = {
			isa = XCConfigurationList;
			buildConfigurations = (
				65F9F67A217601F000490B61 /* Debug */,
				65F9F67B217601F000490B61 /* Release */,
			);
			defaultConfigurationIsVisible = 0;
			defaultConfigurationName = Release;
		};
		65F9F67C217601F000490B61 /* Build configuration list for PBXNativeTarget "PickDocumentExample" */ = {
			isa = XCConfigurationList;
			buildConfigurations = (
				65F9F67D217601F000490B61 /* Debug */,
				65F9F67E217601F000490B61 /* Release */,
			);
			defaultConfigurationIsVisible = 0;
			defaultConfigurationName = Release;
		};
		65F9F67F217601F000490B61 /* Build configuration list for PBXNativeTarget "PickDocumentExampleTests" */ = {
			isa = XCConfigurationList;
			buildConfigurations = (
				65F9F680217601F000490B61 /* Debug */,
				65F9F681217601F000490B61 /* Release */,
			);
			defaultConfigurationIsVisible = 0;
			defaultConfigurationName = Release;
		};
		65F9F682217601F000490B61 /* Build configuration list for PBXNativeTarget "PickDocumentExampleUITests" */ = {
			isa = XCConfigurationList;
			buildConfigurations = (
				65F9F683217601F000490B61 /* Debug */,
				65F9F684217601F000490B61 /* Release */,
			);
			defaultConfigurationIsVisible = 0;
			defaultConfigurationName = Release;
		};
/* End XCConfigurationList section */
	};
	rootObject = 65F9F648217601ED00490B61 /* Project object */;
}
